
Microsoft Visual Studio Solution File, Format Version 12.00
# Visual Studio Version 17
VisualStudioVersion = 17.5.2.0
MinimumVisualStudioVersion = 10.0.40219.1
Project("{FAE04EC0-301F-11D3-BF4B-00C04F79EFBC}") = "SuperDotnet", "SuperDotnet\SuperDotnet.csproj", "{B7A1895A-9852-5F14-CDFA-174F8E22D28A}"
EndProject
Project("{2150E333-8FDC-42A3-9474-1A3956D46DE8}") = "Tools", "Tools", "{07C2787E-EAC7-C090-1BA3-A61EC2A24D84}"
EndProject
Project("{FAE04EC0-301F-11D3-BF4B-00C04F79EFBC}") = "DataPProcessor", "Tools\DataPProcessor\DataPProcessor.csproj", "{8B02C578-672D-42FA-BEDD-68B66D643753}"
EndProject
Project("{FAE04EC0-301F-11D3-BF4B-00C04F79EFBC}") = "SearchMicrotests", "Tools\SearchMicrotests\SearchMicrotests.csproj", "{168359BA-665C-463C-9029-2688069364AB}"
EndProject
Project("{FAE04EC0-301F-11D3-BF4B-00C04F79EFBC}") = "ExploratoryAnalysis", "Tools\ExploratoryAnalysis\ExploratoryAnalysis.csproj", "{9A14D6E5-2C9B-4B46-9A63-4E8E4B6E6D89}"
EndProject
Global
	GlobalSection(SolutionConfigurationPlatforms) = preSolution
		Debug|Any CPU = Debug|Any CPU
		Debug|x64 = Debug|x64
		Debug|x86 = Debug|x86
		Release|Any CPU = Release|Any CPU
		Release|x64 = Release|x64
		Release|x86 = Release|x86
	EndGlobalSection
	GlobalSection(ProjectConfigurationPlatforms) = postSolution
		{B7A1895A-9852-5F14-CDFA-174F8E22D28A}.Debug|Any CPU.ActiveCfg = Debug|Any CPU
		{B7A1895A-9852-5F14-CDFA-174F8E22D28A}.Debug|Any CPU.Build.0 = Debug|Any CPU
		{B7A1895A-9852-5F14-CDFA-174F8E22D28A}.Debug|x64.ActiveCfg = Debug|Any CPU
		{B7A1895A-9852-5F14-CDFA-174F8E22D28A}.Debug|x64.Build.0 = Debug|Any CPU
		{B7A1895A-9852-5F14-CDFA-174F8E22D28A}.Debug|x86.ActiveCfg = Debug|Any CPU
		{B7A1895A-9852-5F14-CDFA-174F8E22D28A}.Debug|x86.Build.0 = Debug|Any CPU
		{B7A1895A-9852-5F14-CDFA-174F8E22D28A}.Release|Any CPU.ActiveCfg = Release|Any CPU
		{B7A1895A-9852-5F14-CDFA-174F8E22D28A}.Release|Any CPU.Build.0 = Release|Any CPU
		{B7A1895A-9852-5F14-CDFA-174F8E22D28A}.Release|x64.ActiveCfg = Release|Any CPU
		{B7A1895A-9852-5F14-CDFA-174F8E22D28A}.Release|x64.Build.0 = Release|Any CPU
		{B7A1895A-9852-5F14-CDFA-174F8E22D28A}.Release|x86.ActiveCfg = Release|Any CPU
		{B7A1895A-9852-5F14-CDFA-174F8E22D28A}.Release|x86.Build.0 = Release|Any CPU
		{8B02C578-672D-42FA-BEDD-68B66D643753}.Debug|Any CPU.ActiveCfg = Debug|Any CPU
		{8B02C578-672D-42FA-BEDD-68B66D643753}.Debug|Any CPU.Build.0 = Debug|Any CPU
		{8B02C578-672D-42FA-BEDD-68B66D643753}.Debug|x64.ActiveCfg = Debug|Any CPU
		{8B02C578-672D-42FA-BEDD-68B66D643753}.Debug|x64.Build.0 = Debug|Any CPU
		{8B02C578-672D-42FA-BEDD-68B66D643753}.Debug|x86.ActiveCfg = Debug|Any CPU
		{8B02C578-672D-42FA-BEDD-68B66D643753}.Debug|x86.Build.0 = Debug|Any CPU
		{8B02C578-672D-42FA-BEDD-68B66D643753}.Release|Any CPU.ActiveCfg = Release|Any CPU
		{8B02C578-672D-42FA-BEDD-68B66D643753}.Release|Any CPU.Build.0 = Release|Any CPU
		{8B02C578-672D-42FA-BEDD-68B66D643753}.Release|x64.ActiveCfg = Release|Any CPU
		{8B02C578-672D-42FA-BEDD-68B66D643753}.Release|x64.Build.0 = Release|Any CPU
		{8B02C578-672D-42FA-BEDD-68B66D643753}.Release|x86.ActiveCfg = Release|Any CPU
		{8B02C578-672D-42FA-BEDD-68B66D643753}.Release|x86.Build.0 = Release|Any CPU
		{168359BA-665C-463C-9029-2688069364AB}.Debug|Any CPU.ActiveCfg = Debug|Any CPU
		{168359BA-665C-463C-9029-2688069364AB}.Debug|Any CPU.Build.0 = Debug|Any CPU
		{168359BA-665C-463C-9029-2688069364AB}.Debug|x64.ActiveCfg = Debug|Any CPU
		{168359BA-665C-463C-9029-2688069364AB}.Debug|x64.Build.0 = Debug|Any CPU
		{168359BA-665C-463C-9029-2688069364AB}.Debug|x86.ActiveCfg = Debug|Any CPU
		{168359BA-665C-463C-9029-2688069364AB}.Debug|x86.Build.0 = Debug|Any CPU
		{168359BA-665C-463C-9029-2688069364AB}.Release|Any CPU.ActiveCfg = Release|Any CPU
		{168359BA-665C-463C-9029-2688069364AB}.Release|Any CPU.Build.0 = Release|Any CPU
		{168359BA-665C-463C-9029-2688069364AB}.Release|x64.ActiveCfg = Release|Any CPU
		{168359BA-665C-463C-9029-2688069364AB}.Release|x64.Build.0 = Release|Any CPU
		{168359BA-665C-463C-9029-2688069364AB}.Release|x86.ActiveCfg = Release|Any CPU
		{168359BA-665C-463C-9029-2688069364AB}.Release|x86.Build.0 = Release|Any CPU
		{9A14D6E5-2C9B-4B46-9A63-4E8E4B6E6D89}.Debug|Any CPU.ActiveCfg = Debug|Any CPU
		{9A14D6E5-2C9B-4B46-9A63-4E8E4B6E6D89}.Debug|Any CPU.Build.0 = Debug|Any CPU
		{9A14D6E5-2C9B-4B46-9A63-4E8E4B6E6D89}.Debug|x64.ActiveCfg = Debug|Any CPU
		{9A14D6E5-2C9B-4B46-9A63-4E8E4B6E6D89}.Debug|x64.Build.0 = Debug|Any CPU
		{9A14D6E5-2C9B-4B46-9A63-4E8E4B6E6D89}.Debug|x86.ActiveCfg = Debug|Any CPU
		{9A14D6E5-2C9B-4B46-9A63-4E8E4B6E6D89}.Debug|x86.Build.0 = Debug|Any CPU
		{9A14D6E5-2C9B-4B46-9A63-4E8E4B6E6D89}.Release|Any CPU.ActiveCfg = Release|Any CPU
		{9A14D6E5-2C9B-4B46-9A63-4E8E4B6E6D89}.Release|Any CPU.Build.0 = Release|Any CPU
		{9A14D6E5-2C9B-4B46-9A63-4E8E4B6E6D89}.Release|x64.ActiveCfg = Release|Any CPU
		{9A14D6E5-2C9B-4B46-9A63-4E8E4B6E6D89}.Release|x64.Build.0 = Release|Any CPU
		{9A14D6E5-2C9B-4B46-9A63-4E8E4B6E6D89}.Release|x86.ActiveCfg = Release|Any CPU
		{9A14D6E5-2C9B-4B46-9A63-4E8E4B6E6D89}.Release|x86.Build.0 = Release|Any CPU
	EndGlobalSection
	GlobalSection(SolutionProperties) = preSolution
		HideSolutionNode = FALSE
	EndGlobalSection
	GlobalSection(NestedProjects) = preSolution
		{8B02C578-672D-42FA-BEDD-68B66D643753} = {07C2787E-EAC7-C090-1BA3-A61EC2A24D84}
		{168359BA-665C-463C-9029-2688069364AB} = {07C2787E-EAC7-C090-1BA3-A61EC2A24D84}
		{9A14D6E5-2C9B-4B46-9A63-4E8E4B6E6D89} = {07C2787E-EAC7-C090-1BA3-A61EC2A24D84}
	EndGlobalSection
	GlobalSection(ExtensibilityGlobals) = postSolution
		SolutionGuid = {3DCC9EB5-4C7B-492B-9489-5DD57371B288}
	EndGlobalSection
EndGlobal
